{
    "name": "almondjoyart",
    "version": "1.0.0",
    "lockfileVersion": 3,
    "requires": true,
    "packages": {
        "": {
            "name": "almondjoyart",
            "version": "1.0.0",
            "license": "ISC",
            "dependencies": {
                "eleventy": "^1.0.7",
                "photoswipe": "^5.4.4"
            }
        },
        "node_modules/eleventy": {
            "version": "1.0.7",
            "resolved": "https://registry.npmjs.org/eleventy/-/eleventy-1.0.7.tgz",
            "integrity": "sha512-yVxIVr8YDcf+bz3EHghKQo6sAC5NExaAkL2DST1tqRmImYgmcmE1F4BRZvNZpn6eKu2Pz8j2mfoKbCd1SuTikg==",
            "hasInstallScript": true
        },
        "node_modules/photoswipe": {
            "version": "5.4.4",
            "resolved": "https://registry.npmjs.org/photoswipe/-/photoswipe-5.4.4.tgz",
            "integrity": "sha512-WNFHoKrkZNnvFFhbHL93WDkW3ifwVOXSW3w1UuZZelSmgXpIGiZSNlZJq37rR8YejqME2rHs9EhH9ZvlvFH2NA==",
            "engines": {
                "node": ">= 0.12.0"
            }
        }
    }
}
